<?xml version="1.0" encoding="utf-8"?>
<Project ToolsVersion="15.0" xmlns="http://schemas.microsoft.com/developer/msbuild/2003">
  <ItemGroup>
    <ClCompile Include="C:\Users\Sabrina\Documents\CS184\testFinalProject\ext\nanogui\ext\glfw\src\context.c">
      <Filter>Source Files</Filter>
    </ClCompile>
    <ClCompile Include="C:\Users\Sabrina\Documents\CS184\testFinalProject\ext\nanogui\ext\glfw\src\init.c">
      <Filter>Source Files</Filter>
    </ClCompile>
    <ClCompile Include="C:\Users\Sabrina\Documents\CS184\testFinalProject\ext\nanogui\ext\glfw\src\input.c">
      <Filter>Source Files</Filter>
    </ClCompile>
    <ClCompile Include="C:\Users\Sabrina\Documents\CS184\testFinalProject\ext\nanogui\ext\glfw\src\monitor.c">
      <Filter>Source Files</Filter>
    </ClCompile>
    <ClCompile Include="C:\Users\Sabrina\Documents\CS184\testFinalProject\ext\nanogui\ext\glfw\src\vulkan.c">
      <Filter>Source Files</Filter>
    </ClCompile>
    <ClCompile Include="C:\Users\Sabrina\Documents\CS184\testFinalProject\ext\nanogui\ext\glfw\src\window.c">
      <Filter>Source Files</Filter>
    </ClCompile>
    <ClCompile Include="C:\Users\Sabrina\Documents\CS184\testFinalProject\ext\nanogui\ext\glfw\src\win32_init.c">
      <Filter>Source Files</Filter>
    </ClCompile>
    <ClCompile Include="C:\Users\Sabrina\Documents\CS184\testFinalProject\ext\nanogui\ext\glfw\src\win32_joystick.c">
      <Filter>Source Files</Filter>
    </ClCompile>
    <ClCompile Include="C:\Users\Sabrina\Documents\CS184\testFinalProject\ext\nanogui\ext\glfw\src\win32_monitor.c">
      <Filter>Source Files</Filter>
    </ClCompile>
    <ClCompile Include="C:\Users\Sabrina\Documents\CS184\testFinalProject\ext\nanogui\ext\glfw\src\win32_time.c">
      <Filter>Source Files</Filter>
    </ClCompile>
    <ClCompile Include="C:\Users\Sabrina\Documents\CS184\testFinalProject\ext\nanogui\ext\glfw\src\win32_tls.c">
      <Filter>Source Files</Filter>
    </ClCompile>
    <ClCompile Include="C:\Users\Sabrina\Documents\CS184\testFinalProject\ext\nanogui\ext\glfw\src\win32_window.c">
      <Filter>Source Files</Filter>
    </ClCompile>
    <ClCompile Include="C:\Users\Sabrina\Documents\CS184\testFinalProject\ext\nanogui\ext\glfw\src\wgl_context.c">
      <Filter>Source Files</Filter>
    </ClCompile>
    <ClCompile Include="C:\Users\Sabrina\Documents\CS184\testFinalProject\ext\nanogui\ext\glfw\src\egl_context.c">
      <Filter>Source Files</Filter>
    </ClCompile>
  </ItemGroup>
  <ItemGroup>
    <ClInclude Include="C:\Users\Sabrina\Documents\CS184\testFinalProject\ext\nanogui\ext\glfw\src\internal.h">
      <Filter>Header Files</Filter>
    </ClInclude>
    <ClInclude Include="C:\Users\Sabrina\Documents\CS184\testFinalProject\builds\ext\nanogui\ext_build\glfw\src\glfw_config.h">
      <Filter>Header Files</Filter>
    </ClInclude>
    <ClInclude Include="C:\Users\Sabrina\Documents\CS184\testFinalProject\ext\nanogui\ext\glfw\include\GLFW\glfw3.h">
      <Filter>Header Files</Filter>
    </ClInclude>
    <ClInclude Include="C:\Users\Sabrina\Documents\CS184\testFinalProject\ext\nanogui\ext\glfw\include\GLFW\glfw3native.h">
      <Filter>Header Files</Filter>
    </ClInclude>
    <ClInclude Include="C:\Users\Sabrina\Documents\CS184\testFinalProject\ext\nanogui\ext\glfw\src\win32_platform.h">
      <Filter>Header Files</Filter>
    </ClInclude>
    <ClInclude Include="C:\Users\Sabrina\Documents\CS184\testFinalProject\ext\nanogui\ext\glfw\src\win32_joystick.h">
      <Filter>Header Files</Filter>
    </ClInclude>
    <ClInclude Include="C:\Users\Sabrina\Documents\CS184\testFinalProject\ext\nanogui\ext\glfw\src\wgl_context.h">
      <Filter>Header Files</Filter>
    </ClInclude>
    <ClInclude Include="C:\Users\Sabrina\Documents\CS184\testFinalProject\ext\nanogui\ext\glfw\src\egl_context.h">
      <Filter>Header Files</Filter>
    </ClInclude>
  </ItemGroup>
  <ItemGroup>
    <CustomBuild Include="C:\Users\Sabrina\Documents\CS184\testFinalProject\ext\nanogui\ext\glfw\src\CMakeLists.txt" />
  </ItemGroup>
  <ItemGroup>
    <Filter Include="Header Files">
      <UniqueIdentifier>{8CF49846-00C8-3E4A-8B52-A6620E4ACDC8}</UniqueIdentifier>
    </Filter>
    <Filter Include="Source Files">
      <UniqueIdentifier>{078CC874-B4AA-39BC-A068-CC09F6F8A5DD}</UniqueIdentifier>
    </Filter>
  </ItemGroup>
</Project>
