<?xml version="1.0" encoding="utf-8"?>
<Project ToolsVersion="15.0" xmlns="http://schemas.microsoft.com/developer/msbuild/2003">
  <ItemGroup>
    <ClCompile Include="C:\Users\Sabrina\Documents\CS184\testFinalProject\CGL\src\vector2D.cpp">
      <Filter>Source Files</Filter>
    </ClCompile>
    <ClCompile Include="C:\Users\Sabrina\Documents\CS184\testFinalProject\CGL\src\vector3D.cpp">
      <Filter>Source Files</Filter>
    </ClCompile>
    <ClCompile Include="C:\Users\Sabrina\Documents\CS184\testFinalProject\CGL\src\vector4D.cpp">
      <Filter>Source Files</Filter>
    </ClCompile>
    <ClCompile Include="C:\Users\Sabrina\Documents\CS184\testFinalProject\CGL\src\matrix3x3.cpp">
      <Filter>Source Files</Filter>
    </ClCompile>
    <ClCompile Include="C:\Users\Sabrina\Documents\CS184\testFinalProject\CGL\src\matrix4x4.cpp">
      <Filter>Source Files</Filter>
    </ClCompile>
    <ClCompile Include="C:\Users\Sabrina\Documents\CS184\testFinalProject\CGL\src\quaternion.cpp">
      <Filter>Source Files</Filter>
    </ClCompile>
    <ClCompile Include="C:\Users\Sabrina\Documents\CS184\testFinalProject\CGL\src\complex.cpp">
      <Filter>Source Files</Filter>
    </ClCompile>
    <ClCompile Include="C:\Users\Sabrina\Documents\CS184\testFinalProject\CGL\src\color.cpp">
      <Filter>Source Files</Filter>
    </ClCompile>
    <ClCompile Include="C:\Users\Sabrina\Documents\CS184\testFinalProject\CGL\src\spectrum.cpp">
      <Filter>Source Files</Filter>
    </ClCompile>
    <ClCompile Include="C:\Users\Sabrina\Documents\CS184\testFinalProject\CGL\src\base64.cpp">
      <Filter>Source Files</Filter>
    </ClCompile>
    <ClCompile Include="C:\Users\Sabrina\Documents\CS184\testFinalProject\CGL\src\lodepng.cpp">
      <Filter>Source Files</Filter>
    </ClCompile>
    <ClCompile Include="C:\Users\Sabrina\Documents\CS184\testFinalProject\CGL\src\tinyxml2.cpp">
      <Filter>Source Files</Filter>
    </ClCompile>
  </ItemGroup>
  <ItemGroup>
    <CustomBuild Include="C:\Users\Sabrina\Documents\CS184\testFinalProject\CGL\src\CMakeLists.txt" />
  </ItemGroup>
  <ItemGroup>
    <Filter Include="Source Files">
      <UniqueIdentifier>{078CC874-B4AA-39BC-A068-CC09F6F8A5DD}</UniqueIdentifier>
    </Filter>
  </ItemGroup>
</Project>
