Microsoft Visual Studio Solution File, Format Version 12.00
# Visual Studio 15
Project("{2150E333-8FDC-42A3-9474-1A3956D46DE8}") = "CMakePredefinedTargets", "CMakePredefinedTargets", "{59279FED-2B1C-334D-A424-170D6CD38199}"
EndProject
Project("{2150E333-8FDC-42A3-9474-1A3956D46DE8}") = "dependencies", "dependencies", "{9E36BBBF-0F19-3CF7-A873-A5BE1AC9D610}"
EndProject
Project("{8BC9CEB8-8B4A-11D0-8D11-00A0C91BC942}") = "ALL_BUILD", "ALL_BUILD.vcxproj", "{CC860F45-E6CA-3956-A73A-1959F5D9690E}"
	ProjectSection(ProjectDependencies) = postProject
		{2568EBD3-071D-3154-88DA-DBE5AF373855} = {2568EBD3-071D-3154-88DA-DBE5AF373855}
		{20663130-5964-342E-9F76-768EF1E05CA9} = {20663130-5964-342E-9F76-768EF1E05CA9}
	EndProjectSection
EndProject
Project("{8BC9CEB8-8B4A-11D0-8D11-00A0C91BC942}") = "CGL", "src\CGL.vcxproj", "{2568EBD3-071D-3154-88DA-DBE5AF373855}"
	ProjectSection(ProjectDependencies) = postProject
		{20663130-5964-342E-9F76-768EF1E05CA9} = {20663130-5964-342E-9F76-768EF1E05CA9}
		{C61B9793-9F27-353D-95B8-0C6CFECDC848} = {C61B9793-9F27-353D-95B8-0C6CFECDC848}
	EndProjectSection
EndProject
Project("{8BC9CEB8-8B4A-11D0-8D11-00A0C91BC942}") = "INSTALL", "INSTALL.vcxproj", "{8C2E1236-35F2-3264-8C2D-0AB44FD7EAA8}"
	ProjectSection(ProjectDependencies) = postProject
		{CC860F45-E6CA-3956-A73A-1959F5D9690E} = {CC860F45-E6CA-3956-A73A-1959F5D9690E}
		{20663130-5964-342E-9F76-768EF1E05CA9} = {20663130-5964-342E-9F76-768EF1E05CA9}
	EndProjectSection
EndProject
Project("{8BC9CEB8-8B4A-11D0-8D11-00A0C91BC942}") = "ZERO_CHECK", "..\\ZERO_CHECK.vcxproj", "{20663130-5964-342E-9F76-768EF1E05CA9}"
	ProjectSection(ProjectDependencies) = postProject
	EndProjectSection
EndProject
Project("{8BC9CEB8-8B4A-11D0-8D11-00A0C91BC942}") = "glfw_objects", "..\ext\nanogui\ext_build\glfw\src\glfw_objects.vcxproj", "{EB9300DB-2FB7-3967-B9A9-5E39B236D1D3}"
	ProjectSection(ProjectDependencies) = postProject
		{20663130-5964-342E-9F76-768EF1E05CA9} = {20663130-5964-342E-9F76-768EF1E05CA9}
	EndProjectSection
EndProject
Project("{8BC9CEB8-8B4A-11D0-8D11-00A0C91BC942}") = "nanogui", "..\ext\nanogui\nanogui.vcxproj", "{C61B9793-9F27-353D-95B8-0C6CFECDC848}"
	ProjectSection(ProjectDependencies) = postProject
		{20663130-5964-342E-9F76-768EF1E05CA9} = {20663130-5964-342E-9F76-768EF1E05CA9}
		{EB9300DB-2FB7-3967-B9A9-5E39B236D1D3} = {EB9300DB-2FB7-3967-B9A9-5E39B236D1D3}
		{8EEC4099-2925-33F9-A380-59675AF33CC3} = {8EEC4099-2925-33F9-A380-59675AF33CC3}
	EndProjectSection
EndProject
Project("{8BC9CEB8-8B4A-11D0-8D11-00A0C91BC942}") = "nanogui-obj", "..\ext\nanogui\nanogui-obj.vcxproj", "{8EEC4099-2925-33F9-A380-59675AF33CC3}"
	ProjectSection(ProjectDependencies) = postProject
		{20663130-5964-342E-9F76-768EF1E05CA9} = {20663130-5964-342E-9F76-768EF1E05CA9}
	EndProjectSection
EndProject
Global
	GlobalSection(SolutionConfigurationPlatforms) = preSolution
		Debug|Win32 = Debug|Win32
		Release|Win32 = Release|Win32
		MinSizeRel|Win32 = MinSizeRel|Win32
		RelWithDebInfo|Win32 = RelWithDebInfo|Win32
	EndGlobalSection
	GlobalSection(ProjectConfigurationPlatforms) = postSolution
		{CC860F45-E6CA-3956-A73A-1959F5D9690E}.Debug|Win32.ActiveCfg = Debug|Win32
		{CC860F45-E6CA-3956-A73A-1959F5D9690E}.Debug|Win32.Build.0 = Debug|Win32
		{CC860F45-E6CA-3956-A73A-1959F5D9690E}.Release|Win32.ActiveCfg = Release|Win32
		{CC860F45-E6CA-3956-A73A-1959F5D9690E}.Release|Win32.Build.0 = Release|Win32
		{CC860F45-E6CA-3956-A73A-1959F5D9690E}.MinSizeRel|Win32.ActiveCfg = MinSizeRel|Win32
		{CC860F45-E6CA-3956-A73A-1959F5D9690E}.MinSizeRel|Win32.Build.0 = MinSizeRel|Win32
		{CC860F45-E6CA-3956-A73A-1959F5D9690E}.RelWithDebInfo|Win32.ActiveCfg = RelWithDebInfo|Win32
		{CC860F45-E6CA-3956-A73A-1959F5D9690E}.RelWithDebInfo|Win32.Build.0 = RelWithDebInfo|Win32
		{2568EBD3-071D-3154-88DA-DBE5AF373855}.Debug|Win32.ActiveCfg = Debug|Win32
		{2568EBD3-071D-3154-88DA-DBE5AF373855}.Debug|Win32.Build.0 = Debug|Win32
		{2568EBD3-071D-3154-88DA-DBE5AF373855}.Release|Win32.ActiveCfg = Release|Win32
		{2568EBD3-071D-3154-88DA-DBE5AF373855}.Release|Win32.Build.0 = Release|Win32
		{2568EBD3-071D-3154-88DA-DBE5AF373855}.MinSizeRel|Win32.ActiveCfg = MinSizeRel|Win32
		{2568EBD3-071D-3154-88DA-DBE5AF373855}.MinSizeRel|Win32.Build.0 = MinSizeRel|Win32
		{2568EBD3-071D-3154-88DA-DBE5AF373855}.RelWithDebInfo|Win32.ActiveCfg = RelWithDebInfo|Win32
		{2568EBD3-071D-3154-88DA-DBE5AF373855}.RelWithDebInfo|Win32.Build.0 = RelWithDebInfo|Win32
		{8C2E1236-35F2-3264-8C2D-0AB44FD7EAA8}.Debug|Win32.ActiveCfg = Debug|Win32
		{8C2E1236-35F2-3264-8C2D-0AB44FD7EAA8}.Release|Win32.ActiveCfg = Release|Win32
		{8C2E1236-35F2-3264-8C2D-0AB44FD7EAA8}.MinSizeRel|Win32.ActiveCfg = MinSizeRel|Win32
		{8C2E1236-35F2-3264-8C2D-0AB44FD7EAA8}.RelWithDebInfo|Win32.ActiveCfg = RelWithDebInfo|Win32
		{20663130-5964-342E-9F76-768EF1E05CA9}.Debug|Win32.ActiveCfg = Debug|Win32
		{20663130-5964-342E-9F76-768EF1E05CA9}.Debug|Win32.Build.0 = Debug|Win32
		{20663130-5964-342E-9F76-768EF1E05CA9}.Release|Win32.ActiveCfg = Release|Win32
		{20663130-5964-342E-9F76-768EF1E05CA9}.Release|Win32.Build.0 = Release|Win32
		{20663130-5964-342E-9F76-768EF1E05CA9}.MinSizeRel|Win32.ActiveCfg = MinSizeRel|Win32
		{20663130-5964-342E-9F76-768EF1E05CA9}.MinSizeRel|Win32.Build.0 = MinSizeRel|Win32
		{20663130-5964-342E-9F76-768EF1E05CA9}.RelWithDebInfo|Win32.ActiveCfg = RelWithDebInfo|Win32
		{20663130-5964-342E-9F76-768EF1E05CA9}.RelWithDebInfo|Win32.Build.0 = RelWithDebInfo|Win32
		{EB9300DB-2FB7-3967-B9A9-5E39B236D1D3}.Debug|Win32.ActiveCfg = Debug|Win32
		{EB9300DB-2FB7-3967-B9A9-5E39B236D1D3}.Debug|Win32.Build.0 = Debug|Win32
		{EB9300DB-2FB7-3967-B9A9-5E39B236D1D3}.Release|Win32.ActiveCfg = Release|Win32
		{EB9300DB-2FB7-3967-B9A9-5E39B236D1D3}.Release|Win32.Build.0 = Release|Win32
		{EB9300DB-2FB7-3967-B9A9-5E39B236D1D3}.MinSizeRel|Win32.ActiveCfg = MinSizeRel|Win32
		{EB9300DB-2FB7-3967-B9A9-5E39B236D1D3}.MinSizeRel|Win32.Build.0 = MinSizeRel|Win32
		{EB9300DB-2FB7-3967-B9A9-5E39B236D1D3}.RelWithDebInfo|Win32.ActiveCfg = RelWithDebInfo|Win32
		{EB9300DB-2FB7-3967-B9A9-5E39B236D1D3}.RelWithDebInfo|Win32.Build.0 = RelWithDebInfo|Win32
		{C61B9793-9F27-353D-95B8-0C6CFECDC848}.Debug|Win32.ActiveCfg = Debug|Win32
		{C61B9793-9F27-353D-95B8-0C6CFECDC848}.Debug|Win32.Build.0 = Debug|Win32
		{C61B9793-9F27-353D-95B8-0C6CFECDC848}.Release|Win32.ActiveCfg = Release|Win32
		{C61B9793-9F27-353D-95B8-0C6CFECDC848}.Release|Win32.Build.0 = Release|Win32
		{C61B9793-9F27-353D-95B8-0C6CFECDC848}.MinSizeRel|Win32.ActiveCfg = MinSizeRel|Win32
		{C61B9793-9F27-353D-95B8-0C6CFECDC848}.MinSizeRel|Win32.Build.0 = MinSizeRel|Win32
		{C61B9793-9F27-353D-95B8-0C6CFECDC848}.RelWithDebInfo|Win32.ActiveCfg = RelWithDebInfo|Win32
		{C61B9793-9F27-353D-95B8-0C6CFECDC848}.RelWithDebInfo|Win32.Build.0 = RelWithDebInfo|Win32
		{8EEC4099-2925-33F9-A380-59675AF33CC3}.Debug|Win32.ActiveCfg = Debug|Win32
		{8EEC4099-2925-33F9-A380-59675AF33CC3}.Debug|Win32.Build.0 = Debug|Win32
		{8EEC4099-2925-33F9-A380-59675AF33CC3}.Release|Win32.ActiveCfg = Release|Win32
		{8EEC4099-2925-33F9-A380-59675AF33CC3}.Release|Win32.Build.0 = Release|Win32
		{8EEC4099-2925-33F9-A380-59675AF33CC3}.MinSizeRel|Win32.ActiveCfg = MinSizeRel|Win32
		{8EEC4099-2925-33F9-A380-59675AF33CC3}.MinSizeRel|Win32.Build.0 = MinSizeRel|Win32
		{8EEC4099-2925-33F9-A380-59675AF33CC3}.RelWithDebInfo|Win32.ActiveCfg = RelWithDebInfo|Win32
		{8EEC4099-2925-33F9-A380-59675AF33CC3}.RelWithDebInfo|Win32.Build.0 = RelWithDebInfo|Win32
	EndGlobalSection
	GlobalSection(NestedProjects) = preSolution
		{CC860F45-E6CA-3956-A73A-1959F5D9690E} = {59279FED-2B1C-334D-A424-170D6CD38199}
		{8C2E1236-35F2-3264-8C2D-0AB44FD7EAA8} = {59279FED-2B1C-334D-A424-170D6CD38199}
		{20663130-5964-342E-9F76-768EF1E05CA9} = {59279FED-2B1C-334D-A424-170D6CD38199}
		{EB9300DB-2FB7-3967-B9A9-5E39B236D1D3} = {9E36BBBF-0F19-3CF7-A873-A5BE1AC9D610}
		{C61B9793-9F27-353D-95B8-0C6CFECDC848} = {9E36BBBF-0F19-3CF7-A873-A5BE1AC9D610}
	EndGlobalSection
	GlobalSection(ExtensibilityGlobals) = postSolution
		SolutionGuid = {A1F6BB85-206F-3D62-B802-2DAB3882E7A1}
	EndGlobalSection
	GlobalSection(ExtensibilityAddIns) = postSolution
	EndGlobalSection
EndGlobal
